// !$*UTF8*$!
{
	archiveVersion = 1;
	classes = {
	};
	objectVersion = 56;
	objects = {

/* Begin PBXBuildFile section */
		4A64148B2B41AA8C00CE7F85 /* AppDelegate.swift in Sources */ = {isa = PBXBuildFile; fileRef = 4A64148A2B41AA8C00CE7F85 /* AppDelegate.swift */; };
		4A64148D2B41AA8C00CE7F85 /* SceneDelegate.swift in Sources */ = {isa = PBXBuildFile; fileRef = 4A64148C2B41AA8C00CE7F85 /* SceneDelegate.swift */; };
		4A64148F2B41AA8C00CE7F85 /* ViewController.swift in Sources */ = {isa = PBXBuildFile; fileRef = 4A64148E2B41AA8C00CE7F85 /* ViewController.swift */; };
		4A6414922B41AA8C00CE7F85 /* Main.storyboard in Resources */ = {isa = PBXBuildFile; fileRef = 4A6414902B41AA8C00CE7F85 /* Main.storyboard */; };
		4A6414942B41AA8E00CE7F85 /* Assets.xcassets in Resources */ = {isa = PBXBuildFile; fileRef = 4A6414932B41AA8E00CE7F85 /* Assets.xcassets */; };
		4A6414972B41AA8E00CE7F85 /* LaunchScreen.storyboard in Resources */ = {isa = PBXBuildFile; fileRef = 4A6414952B41AA8E00CE7F85 /* LaunchScreen.storyboard */; };
		4A6414A22B41AA8F00CE7F85 /* Graphql_mutationTests.swift in Sources */ = {isa = PBXBuildFile; fileRef = 4A6414A12B41AA8F00CE7F85 /* Graphql_mutationTests.swift */; };
		4A6414AC2B41AA8F00CE7F85 /* Graphql_mutationUITests.swift in Sources */ = {isa = PBXBuildFile; fileRef = 4A6414AB2B41AA8F00CE7F85 /* Graphql_mutationUITests.swift */; };
		4A6414AE2B41AA8F00CE7F85 /* Graphql_mutationUITestsLaunchTests.swift in Sources */ = {isa = PBXBuildFile; fileRef = 4A6414AD2B41AA8F00CE7F85 /* Graphql_mutationUITestsLaunchTests.swift */; };
		4A6414BC2B41AB6A00CE7F85 /* Apollo in Frameworks */ = {isa = PBXBuildFile; productRef = 4A6414BB2B41AB6A00CE7F85 /* Apollo */; };
		4A6414C52B41B28B00CE7F85 /* schema.graphqls in Resources */ = {isa = PBXBuildFile; fileRef = 4A6414C42B41B28B00CE7F85 /* schema.graphqls */; };
		4A6414C72B41B31700CE7F85 /* rocketsQuery.graphql in Resources */ = {isa = PBXBuildFile; fileRef = 4A6414C62B41B31700CE7F85 /* rocketsQuery.graphql */; };
		4A6414CC2B41B44C00CE7F85 /* SpaceXAPI in Frameworks */ = {isa = PBXBuildFile; productRef = 4A6414CB2B41B44C00CE7F85 /* SpaceXAPI */; };
		4A6414CE2B41B55800CE7F85 /* NetworkService.swift in Sources */ = {isa = PBXBuildFile; fileRef = 4A6414CD2B41B55800CE7F85 /* NetworkService.swift */; };
		4AFD4D7C2B42BF380074F2B6 /* lauchesQuery.graphql in Resources */ = {isa = PBXBuildFile; fileRef = 4AFD4D7B2B42BF380074F2B6 /* lauchesQuery.graphql */; };
		4AFD4D7E2B42C0D70074F2B6 /* LauchesViewController.swift in Sources */ = {isa = PBXBuildFile; fileRef = 4AFD4D7D2B42C0D70074F2B6 /* LauchesViewController.swift */; };
		4AFD4D802B42C6290074F2B6 /* LaunchFragment.graphql in Resources */ = {isa = PBXBuildFile; fileRef = 4AFD4D7F2B42C6290074F2B6 /* LaunchFragment.graphql */; };
/* End PBXBuildFile section */

/* Begin PBXContainerItemProxy section */
		4A64149E2B41AA8F00CE7F85 /* PBXContainerItemProxy */ = {
			isa = PBXContainerItemProxy;
			containerPortal = 4A64147F2B41AA8C00CE7F85 /* Project object */;
			proxyType = 1;
			remoteGlobalIDString = 4A6414862B41AA8C00CE7F85;
			remoteInfo = "Graphql-mutation";
		};
		4A6414A82B41AA8F00CE7F85 /* PBXContainerItemProxy */ = {
			isa = PBXContainerItemProxy;
			containerPortal = 4A64147F2B41AA8C00CE7F85 /* Project object */;
			proxyType = 1;
			remoteGlobalIDString = 4A6414862B41AA8C00CE7F85;
			remoteInfo = "Graphql-mutation";
		};
/* End PBXContainerItemProxy section */

/* Begin PBXFileReference section */
		4A6414872B41AA8C00CE7F85 /* Graphql-mutation.app */ = {isa = PBXFileReference; explicitFileType = wrapper.application; includeInIndex = 0; path = "Graphql-mutation.app"; sourceTree = BUILT_PRODUCTS_DIR; };
		4A64148A2B41AA8C00CE7F85 /* AppDelegate.swift */ = {isa = PBXFileReference; lastKnownFileType = sourcecode.swift; path = AppDelegate.swift; sourceTree = "<group>"; };
		4A64148C2B41AA8C00CE7F85 /* SceneDelegate.swift */ = {isa = PBXFileReference; lastKnownFileType = sourcecode.swift; path = SceneDelegate.swift; sourceTree = "<group>"; };
		4A64148E2B41AA8C00CE7F85 /* ViewController.swift */ = {isa = PBXFileReference; lastKnownFileType = sourcecode.swift; path = ViewController.swift; sourceTree = "<group>"; };
		4A6414912B41AA8C00CE7F85 /* Base */ = {isa = PBXFileReference; lastKnownFileType = file.storyboard; name = Base; path = Base.lproj/Main.storyboard; sourceTree = "<group>"; };
		4A6414932B41AA8E00CE7F85 /* Assets.xcassets */ = {isa = PBXFileReference; lastKnownFileType = folder.assetcatalog; path = Assets.xcassets; sourceTree = "<group>"; };
		4A6414962B41AA8E00CE7F85 /* Base */ = {isa = PBXFileReference; lastKnownFileType = file.storyboard; name = Base; path = Base.lproj/LaunchScreen.storyboard; sourceTree = "<group>"; };
		4A6414982B41AA8E00CE7F85 /* Info.plist */ = {isa = PBXFileReference; lastKnownFileType = text.plist.xml; path = Info.plist; sourceTree = "<group>"; };
		4A64149D2B41AA8F00CE7F85 /* Graphql-mutationTests.xctest */ = {isa = PBXFileReference; explicitFileType = wrapper.cfbundle; includeInIndex = 0; path = "Graphql-mutationTests.xctest"; sourceTree = BUILT_PRODUCTS_DIR; };
		4A6414A12B41AA8F00CE7F85 /* Graphql_mutationTests.swift */ = {isa = PBXFileReference; lastKnownFileType = sourcecode.swift; path = Graphql_mutationTests.swift; sourceTree = "<group>"; };
		4A6414A72B41AA8F00CE7F85 /* Graphql-mutationUITests.xctest */ = {isa = PBXFileReference; explicitFileType = wrapper.cfbundle; includeInIndex = 0; path = "Graphql-mutationUITests.xctest"; sourceTree = BUILT_PRODUCTS_DIR; };
		4A6414AB2B41AA8F00CE7F85 /* Graphql_mutationUITests.swift */ = {isa = PBXFileReference; lastKnownFileType = sourcecode.swift; path = Graphql_mutationUITests.swift; sourceTree = "<group>"; };
		4A6414AD2B41AA8F00CE7F85 /* Graphql_mutationUITestsLaunchTests.swift */ = {isa = PBXFileReference; lastKnownFileType = sourcecode.swift; path = Graphql_mutationUITestsLaunchTests.swift; sourceTree = "<group>"; };
		4A6414C42B41B28B00CE7F85 /* schema.graphqls */ = {isa = PBXFileReference; fileEncoding = 4; lastKnownFileType = text; path = schema.graphqls; sourceTree = "<group>"; };
		4A6414C62B41B31700CE7F85 /* rocketsQuery.graphql */ = {isa = PBXFileReference; lastKnownFileType = text; path = rocketsQuery.graphql; sourceTree = "<group>"; };
		4A6414C92B41B43D00CE7F85 /* SpaceXAPI */ = {isa = PBXFileReference; lastKnownFileType = wrapper; path = SpaceXAPI; sourceTree = "<group>"; };
		4A6414CD2B41B55800CE7F85 /* NetworkService.swift */ = {isa = PBXFileReference; lastKnownFileType = sourcecode.swift; path = NetworkService.swift; sourceTree = "<group>"; };
		4AFD4D7B2B42BF380074F2B6 /* lauchesQuery.graphql */ = {isa = PBXFileReference; lastKnownFileType = text; path = lauchesQuery.graphql; sourceTree = "<group>"; };
		4AFD4D7D2B42C0D70074F2B6 /* LauchesViewController.swift */ = {isa = PBXFileReference; lastKnownFileType = sourcecode.swift; path = LauchesViewController.swift; sourceTree = "<group>"; };
		4AFD4D7F2B42C6290074F2B6 /* LaunchFragment.graphql */ = {isa = PBXFileReference; lastKnownFileType = text; path = LaunchFragment.graphql; sourceTree = "<group>"; };
/* End PBXFileReference section */

/* Begin PBXFrameworksBuildPhase section */
		4A6414842B41AA8C00CE7F85 /* Frameworks */ = {
			isa = PBXFrameworksBuildPhase;
			buildActionMask = 2147483647;
			files = (
				4A6414BC2B41AB6A00CE7F85 /* Apollo in Frameworks */,
				4A6414CC2B41B44C00CE7F85 /* SpaceXAPI in Frameworks */,
			);
			runOnlyForDeploymentPostprocessing = 0;
		};
		4A64149A2B41AA8F00CE7F85 /* Frameworks */ = {
			isa = PBXFrameworksBuildPhase;
			buildActionMask = 2147483647;
			files = (
			);
			runOnlyForDeploymentPostprocessing = 0;
		};
		4A6414A42B41AA8F00CE7F85 /* Frameworks */ = {
			isa = PBXFrameworksBuildPhase;
			buildActionMask = 2147483647;
			files = (
			);
			runOnlyForDeploymentPostprocessing = 0;
		};
/* End PBXFrameworksBuildPhase section */

/* Begin PBXGroup section */
		4A64147E2B41AA8C00CE7F85 = {
			isa = PBXGroup;
			children = (
				4A6414CD2B41B55800CE7F85 /* NetworkService.swift */,
				4A6414C82B41B43D00CE7F85 /* Packages */,
				4A6414892B41AA8C00CE7F85 /* Graphql-mutation */,
				4A6414A02B41AA8F00CE7F85 /* Graphql-mutationTests */,
				4A6414AA2B41AA8F00CE7F85 /* Graphql-mutationUITests */,
				4A6414882B41AA8C00CE7F85 /* Products */,
				4A6414CA2B41B44C00CE7F85 /* Frameworks */,
			);
			sourceTree = "<group>";
		};
		4A6414882B41AA8C00CE7F85 /* Products */ = {
			isa = PBXGroup;
			children = (
				4A6414872B41AA8C00CE7F85 /* Graphql-mutation.app */,
				4A64149D2B41AA8F00CE7F85 /* Graphql-mutationTests.xctest */,
				4A6414A72B41AA8F00CE7F85 /* Graphql-mutationUITests.xctest */,
			);
			name = Products;
			sourceTree = "<group>";
		};
		4A6414892B41AA8C00CE7F85 /* Graphql-mutation */ = {
			isa = PBXGroup;
			children = (
				4A6414C32B41B25A00CE7F85 /* GraphQL */,
				4A64148A2B41AA8C00CE7F85 /* AppDelegate.swift */,
				4A64148C2B41AA8C00CE7F85 /* SceneDelegate.swift */,
				4AFD4D7D2B42C0D70074F2B6 /* LauchesViewController.swift */,
				4A64148E2B41AA8C00CE7F85 /* ViewController.swift */,
				4A6414902B41AA8C00CE7F85 /* Main.storyboard */,
				4A6414932B41AA8E00CE7F85 /* Assets.xcassets */,
				4A6414952B41AA8E00CE7F85 /* LaunchScreen.storyboard */,
				4A6414982B41AA8E00CE7F85 /* Info.plist */,
			);
			path = "Graphql-mutation";
			sourceTree = "<group>";
		};
		4A6414A02B41AA8F00CE7F85 /* Graphql-mutationTests */ = {
			isa = PBXGroup;
			children = (
				4A6414A12B41AA8F00CE7F85 /* Graphql_mutationTests.swift */,
			);
			path = "Graphql-mutationTests";
			sourceTree = "<group>";
		};
		4A6414AA2B41AA8F00CE7F85 /* Graphql-mutationUITests */ = {
			isa = PBXGroup;
			children = (
				4A6414AB2B41AA8F00CE7F85 /* Graphql_mutationUITests.swift */,
				4A6414AD2B41AA8F00CE7F85 /* Graphql_mutationUITestsLaunchTests.swift */,
			);
			path = "Graphql-mutationUITests";
			sourceTree = "<group>";
		};
		4A6414C32B41B25A00CE7F85 /* GraphQL */ = {
			isa = PBXGroup;
			children = (
				4A6414C42B41B28B00CE7F85 /* schema.graphqls */,
				4A6414C62B41B31700CE7F85 /* rocketsQuery.graphql */,
				4AFD4D7B2B42BF380074F2B6 /* lauchesQuery.graphql */,
				4AFD4D7F2B42C6290074F2B6 /* LaunchFragment.graphql */,
			);
			path = GraphQL;
			sourceTree = "<group>";
		};
		4A6414C82B41B43D00CE7F85 /* Packages */ = {
			isa = PBXGroup;
			children = (
				4A6414C92B41B43D00CE7F85 /* SpaceXAPI */,
			);
			name = Packages;
			sourceTree = "<group>";
		};
		4A6414CA2B41B44C00CE7F85 /* Frameworks */ = {
			isa = PBXGroup;
			children = (
			);
			name = Frameworks;
			sourceTree = "<group>";
		};
/* End PBXGroup section */

/* Begin PBXNativeTarget section */
		4A6414862B41AA8C00CE7F85 /* Graphql-mutation */ = {
			isa = PBXNativeTarget;
			buildConfigurationList = 4A6414B12B41AA8F00CE7F85 /* Build configuration list for PBXNativeTarget "Graphql-mutation" */;
			buildPhases = (
				4A6414832B41AA8C00CE7F85 /* Sources */,
				4A6414842B41AA8C00CE7F85 /* Frameworks */,
				4A6414852B41AA8C00CE7F85 /* Resources */,
			);
			buildRules = (
			);
			dependencies = (
			);
			name = "Graphql-mutation";
			packageProductDependencies = (
				4A6414BB2B41AB6A00CE7F85 /* Apollo */,
				4A6414CB2B41B44C00CE7F85 /* SpaceXAPI */,
			);
			productName = "Graphql-mutation";
			productReference = 4A6414872B41AA8C00CE7F85 /* Graphql-mutation.app */;
			productType = "com.apple.product-type.application";
		};
		4A64149C2B41AA8F00CE7F85 /* Graphql-mutationTests */ = {
			isa = PBXNativeTarget;
			buildConfigurationList = 4A6414B42B41AA8F00CE7F85 /* Build configuration list for PBXNativeTarget "Graphql-mutationTests" */;
			buildPhases = (
				4A6414992B41AA8F00CE7F85 /* Sources */,
				4A64149A2B41AA8F00CE7F85 /* Frameworks */,
				4A64149B2B41AA8F00CE7F85 /* Resources */,
			);
			buildRules = (
			);
			dependencies = (
				4A64149F2B41AA8F00CE7F85 /* PBXTargetDependency */,
			);
			name = "Graphql-mutationTests";
			productName = "Graphql-mutationTests";
			productReference = 4A64149D2B41AA8F00CE7F85 /* Graphql-mutationTests.xctest */;
			productType = "com.apple.product-type.bundle.unit-test";
		};
		4A6414A62B41AA8F00CE7F85 /* Graphql-mutationUITests */ = {
			isa = PBXNativeTarget;
			buildConfigurationList = 4A6414B72B41AA8F00CE7F85 /* Build configuration list for PBXNativeTarget "Graphql-mutationUITests" */;
			buildPhases = (
				4A6414A32B41AA8F00CE7F85 /* Sources */,
				4A6414A42B41AA8F00CE7F85 /* Frameworks */,
				4A6414A52B41AA8F00CE7F85 /* Resources */,
			);
			buildRules = (
			);
			dependencies = (
				4A6414A92B41AA8F00CE7F85 /* PBXTargetDependency */,
			);
			name = "Graphql-mutationUITests";
			productName = "Graphql-mutationUITests";
			productReference = 4A6414A72B41AA8F00CE7F85 /* Graphql-mutationUITests.xctest */;
			productType = "com.apple.product-type.bundle.ui-testing";
		};
/* End PBXNativeTarget section */

/* Begin PBXProject section */
		4A64147F2B41AA8C00CE7F85 /* Project object */ = {
			isa = PBXProject;
			attributes = {
				BuildIndependentTargetsInParallel = 1;
				LastSwiftUpdateCheck = 1400;
				LastUpgradeCheck = 1400;
				TargetAttributes = {
					4A6414862B41AA8C00CE7F85 = {
						CreatedOnToolsVersion = 14.0;
					};
					4A64149C2B41AA8F00CE7F85 = {
						CreatedOnToolsVersion = 14.0;
						TestTargetID = 4A6414862B41AA8C00CE7F85;
					};
					4A6414A62B41AA8F00CE7F85 = {
						CreatedOnToolsVersion = 14.0;
						TestTargetID = 4A6414862B41AA8C00CE7F85;
					};
				};
			};
			buildConfigurationList = 4A6414822B41AA8C00CE7F85 /* Build configuration list for PBXProject "Graphql-mutation" */;
			compatibilityVersion = "Xcode 14.0";
			developmentRegion = en;
			hasScannedForEncodings = 0;
			knownRegions = (
				en,
				Base,
			);
			mainGroup = 4A64147E2B41AA8C00CE7F85;
			packageReferences = (
				4A6414BA2B41AB6A00CE7F85 /* XCRemoteSwiftPackageReference "apollo-ios" */,
			);
			productRefGroup = 4A6414882B41AA8C00CE7F85 /* Products */;
			projectDirPath = "";
			projectRoot = "";
			targets = (
				4A6414862B41AA8C00CE7F85 /* Graphql-mutation */,
				4A64149C2B41AA8F00CE7F85 /* Graphql-mutationTests */,
				4A6414A62B41AA8F00CE7F85 /* Graphql-mutationUITests */,
			);
		};
/* End PBXProject section */

/* Begin PBXResourcesBuildPhase section */
		4A6414852B41AA8C00CE7F85 /* Resources */ = {
			isa = PBXResourcesBuildPhase;
			buildActionMask = 2147483647;
			files = (
				4AFD4D7C2B42BF380074F2B6 /* lauchesQuery.graphql in Resources */,
				4A6414C72B41B31700CE7F85 /* rocketsQuery.graphql in Resources */,
				4A6414C52B41B28B00CE7F85 /* schema.graphqls in Resources */,
				4A6414972B41AA8E00CE7F85 /* LaunchScreen.storyboard in Resources */,
				4A6414942B41AA8E00CE7F85 /* Assets.xcassets in Resources */,
				4A6414922B41AA8C00CE7F85 /* Main.storyboard in Resources */,
				4AFD4D802B42C6290074F2B6 /* LaunchFragment.graphql in Resources */,
			);
			runOnlyForDeploymentPostprocessing = 0;
		};
		4A64149B2B41AA8F00CE7F85 /* Resources */ = {
			isa = PBXResourcesBuildPhase;
			buildActionMask = 2147483647;
			files = (
			);
			runOnlyForDeploymentPostprocessing = 0;
		};
		4A6414A52B41AA8F00CE7F85 /* Resources */ = {
			isa = PBXResourcesBuildPhase;
			buildActionMask = 2147483647;
			files = (
			);
			runOnlyForDeploymentPostprocessing = 0;
		};
/* End PBXResourcesBuildPhase section */

/* Begin PBXSourcesBuildPhase section */
		4A6414832B41AA8C00CE7F85 /* Sources */ = {
			isa = PBXSourcesBuildPhase;
			buildActionMask = 2147483647;
			files = (
				4A64148F2B41AA8C00CE7F85 /* ViewController.swift in Sources */,
				4A64148B2B41AA8C00CE7F85 /* AppDelegate.swift in Sources */,
				4A6414CE2B41B55800CE7F85 /* NetworkService.swift in Sources */,
				4AFD4D7E2B42C0D70074F2B6 /* LauchesViewController.swift in Sources */,
				4A64148D2B41AA8C00CE7F85 /* SceneDelegate.swift in Sources */,
			);
			runOnlyForDeploymentPostprocessing = 0;
		};
		4A6414992B41AA8F00CE7F85 /* Sources */ = {
			isa = PBXSourcesBuildPhase;
			buildActionMask = 2147483647;
			files = (
				4A6414A22B41AA8F00CE7F85 /* Graphql_mutationTests.swift in Sources */,
			);
			runOnlyForDeploymentPostprocessing = 0;
		};
		4A6414A32B41AA8F00CE7F85 /* Sources */ = {
			isa = PBXSourcesBuildPhase;
			buildActionMask = 2147483647;
			files = (
				4A6414AC2B41AA8F00CE7F85 /* Graphql_mutationUITests.swift in Sources */,
				4A6414AE2B41AA8F00CE7F85 /* Graphql_mutationUITestsLaunchTests.swift in Sources */,
			);
			runOnlyForDeploymentPostprocessing = 0;
		};
/* End PBXSourcesBuildPhase section */

/* Begin PBXTargetDependency section */
		4A64149F2B41AA8F00CE7F85 /* PBXTargetDependency */ = {
			isa = PBXTargetDependency;
			target = 4A6414862B41AA8C00CE7F85 /* Graphql-mutation */;
			targetProxy = 4A64149E2B41AA8F00CE7F85 /* PBXContainerItemProxy */;
		};
		4A6414A92B41AA8F00CE7F85 /* PBXTargetDependency */ = {
			isa = PBXTargetDependency;
			target = 4A6414862B41AA8C00CE7F85 /* Graphql-mutation */;
			targetProxy = 4A6414A82B41AA8F00CE7F85 /* PBXContainerItemProxy */;
		};
/* End PBXTargetDependency section */

/* Begin PBXVariantGroup section */
		4A6414902B41AA8C00CE7F85 /* Main.storyboard */ = {
			isa = PBXVariantGroup;
			children = (
				4A6414912B41AA8C00CE7F85 /* Base */,
			);
			name = Main.storyboard;
			sourceTree = "<group>";
		};
		4A6414952B41AA8E00CE7F85 /* LaunchScreen.storyboard */ = {
			isa = PBXVariantGroup;
			children = (
				4A6414962B41AA8E00CE7F85 /* Base */,
			);
			name = LaunchScreen.storyboard;
			sourceTree = "<group>";
		};
/* End PBXVariantGroup section */

/* Begin XCBuildConfiguration section */
		4A6414AF2B41AA8F00CE7F85 /* Debug */ = {
			isa = XCBuildConfiguration;
			buildSettings = {
				ALWAYS_SEARCH_USER_PATHS = NO;
				CLANG_ANALYZER_NONNULL = YES;
				CLANG_ANALYZER_NUMBER_OBJECT_CONVERSION = YES_AGGRESSIVE;
				CLANG_CXX_LANGUAGE_STANDARD = "gnu++20";
				CLANG_ENABLE_MODULES = YES;
				CLANG_ENABLE_OBJC_ARC = YES;
				CLANG_ENABLE_OBJC_WEAK = YES;
				CLANG_WARN_BLOCK_CAPTURE_AUTORELEASING = YES;
				CLANG_WARN_BOOL_CONVERSION = YES;
				CLANG_WARN_COMMA = YES;
				CLANG_WARN_CONSTANT_CONVERSION = YES;
				CLANG_WARN_DEPRECATED_OBJC_IMPLEMENTATIONS = YES;
				CLANG_WARN_DIRECT_OBJC_ISA_USAGE = YES_ERROR;
				CLANG_WARN_DOCUMENTATION_COMMENTS = YES;
				CLANG_WARN_EMPTY_BODY = YES;
				CLANG_WARN_ENUM_CONVERSION = YES;
				CLANG_WARN_INFINITE_RECURSION = YES;
				CLANG_WARN_INT_CONVERSION = YES;
				CLANG_WARN_NON_LITERAL_NULL_CONVERSION = YES;
				CLANG_WARN_OBJC_IMPLICIT_RETAIN_SELF = YES;
				CLANG_WARN_OBJC_LITERAL_CONVERSION = YES;
				CLANG_WARN_OBJC_ROOT_CLASS = YES_ERROR;
				CLANG_WARN_QUOTED_INCLUDE_IN_FRAMEWORK_HEADER = YES;
				CLANG_WARN_RANGE_LOOP_ANALYSIS = YES;
				CLANG_WARN_STRICT_PROTOTYPES = YES;
				CLANG_WARN_SUSPICIOUS_MOVE = YES;
				CLANG_WARN_UNGUARDED_AVAILABILITY = YES_AGGRESSIVE;
				CLANG_WARN_UNREACHABLE_CODE = YES;
				CLANG_WARN__DUPLICATE_METHOD_MATCH = YES;
				COPY_PHASE_STRIP = NO;
				DEBUG_INFORMATION_FORMAT = dwarf;
				ENABLE_STRICT_OBJC_MSGSEND = YES;
				ENABLE_TESTABILITY = YES;
				GCC_C_LANGUAGE_STANDARD = gnu11;
				GCC_DYNAMIC_NO_PIC = NO;
				GCC_NO_COMMON_BLOCKS = YES;
				GCC_OPTIMIZATION_LEVEL = 0;
				GCC_PREPROCESSOR_DEFINITIONS = (
					"DEBUG=1",
					"$(inherited)",
				);
				GCC_WARN_64_TO_32_BIT_CONVERSION = YES;
				GCC_WARN_ABOUT_RETURN_TYPE = YES_ERROR;
				GCC_WARN_UNDECLARED_SELECTOR = YES;
				GCC_WARN_UNINITIALIZED_AUTOS = YES_AGGRESSIVE;
				GCC_WARN_UNUSED_FUNCTION = YES;
				GCC_WARN_UNUSED_VARIABLE = YES;
				IPHONEOS_DEPLOYMENT_TARGET = 16.0;
				MTL_ENABLE_DEBUG_INFO = INCLUDE_SOURCE;
				MTL_FAST_MATH = YES;
				ONLY_ACTIVE_ARCH = YES;
				SDKROOT = iphoneos;
				SWIFT_ACTIVE_COMPILATION_CONDITIONS = DEBUG;
				SWIFT_OPTIMIZATION_LEVEL = "-Onone";
			};
			name = Debug;
		};
		4A6414B02B41AA8F00CE7F85 /* Release */ = {
			isa = XCBuildConfiguration;
			buildSettings = {
				ALWAYS_SEARCH_USER_PATHS = NO;
				CLANG_ANALYZER_NONNULL = YES;
				CLANG_ANALYZER_NUMBER_OBJECT_CONVERSION = YES_AGGRESSIVE;
				CLANG_CXX_LANGUAGE_STANDARD = "gnu++20";
				CLANG_ENABLE_MODULES = YES;
				CLANG_ENABLE_OBJC_ARC = YES;
				CLANG_ENABLE_OBJC_WEAK = YES;
				CLANG_WARN_BLOCK_CAPTURE_AUTORELEASING = YES;
				CLANG_WARN_BOOL_CONVERSION = YES;
				CLANG_WARN_COMMA = YES;
				CLANG_WARN_CONSTANT_CONVERSION = YES;
				CLANG_WARN_DEPRECATED_OBJC_IMPLEMENTATIONS = YES;
				CLANG_WARN_DIRECT_OBJC_ISA_USAGE = YES_ERROR;
				CLANG_WARN_DOCUMENTATION_COMMENTS = YES;
				CLANG_WARN_EMPTY_BODY = YES;
				CLANG_WARN_ENUM_CONVERSION = YES;
				CLANG_WARN_INFINITE_RECURSION = YES;
				CLANG_WARN_INT_CONVERSION = YES;
				CLANG_WARN_NON_LITERAL_NULL_CONVERSION = YES;
				CLANG_WARN_OBJC_IMPLICIT_RETAIN_SELF = YES;
				CLANG_WARN_OBJC_LITERAL_CONVERSION = YES;
				CLANG_WARN_OBJC_ROOT_CLASS = YES_ERROR;
				CLANG_WARN_QUOTED_INCLUDE_IN_FRAMEWORK_HEADER = YES;
				CLANG_WARN_RANGE_LOOP_ANALYSIS = YES;
				CLANG_WARN_STRICT_PROTOTYPES = YES;
				CLANG_WARN_SUSPICIOUS_MOVE = YES;
				CLANG_WARN_UNGUARDED_AVAILABILITY = YES_AGGRESSIVE;
				CLANG_WARN_UNREACHABLE_CODE = YES;
				CLANG_WARN__DUPLICATE_METHOD_MATCH = YES;
				COPY_PHASE_STRIP = NO;
				DEBUG_INFORMATION_FORMAT = "dwarf-with-dsym";
				ENABLE_NS_ASSERTIONS = NO;
				ENABLE_STRICT_OBJC_MSGSEND = YES;
				GCC_C_LANGUAGE_STANDARD = gnu11;
				GCC_NO_COMMON_BLOCKS = YES;
				GCC_WARN_64_TO_32_BIT_CONVERSION = YES;
				GCC_WARN_ABOUT_RETURN_TYPE = YES_ERROR;
				GCC_WARN_UNDECLARED_SELECTOR = YES;
				GCC_WARN_UNINITIALIZED_AUTOS = YES_AGGRESSIVE;
				GCC_WARN_UNUSED_FUNCTION = YES;
				GCC_WARN_UNUSED_VARIABLE = YES;
				IPHONEOS_DEPLOYMENT_TARGET = 16.0;
				MTL_ENABLE_DEBUG_INFO = NO;
				MTL_FAST_MATH = YES;
				SDKROOT = iphoneos;
				SWIFT_COMPILATION_MODE = wholemodule;
				SWIFT_OPTIMIZATION_LEVEL = "-O";
				VALIDATE_PRODUCT = YES;
			};
			name = Release;
		};
		4A6414B22B41AA8F00CE7F85 /* Debug */ = {
			isa = XCBuildConfiguration;
			buildSettings = {
				ASSETCATALOG_COMPILER_APPICON_NAME = AppIcon;
				ASSETCATALOG_COMPILER_GLOBAL_ACCENT_COLOR_NAME = AccentColor;
				CODE_SIGN_STYLE = Automatic;
				CURRENT_PROJECT_VERSION = 1;
				DEVELOPMENT_TEAM = 3K558Y5NQS;
				GENERATE_INFOPLIST_FILE = YES;
				INFOPLIST_FILE = "Graphql-mutation/Info.plist";
				INFOPLIST_KEY_UIApplicationSupportsIndirectInputEvents = YES;
				INFOPLIST_KEY_UILaunchStoryboardName = LaunchScreen;
				INFOPLIST_KEY_UIMainStoryboardFile = Main;
				INFOPLIST_KEY_UISupportedInterfaceOrientations_iPad = "UIInterfaceOrientationPortrait UIInterfaceOrientationPortraitUpsideDown UIInterfaceOrientationLandscapeLeft UIInterfaceOrientationLandscapeRight";
				INFOPLIST_KEY_UISupportedInterfaceOrientations_iPhone = "UIInterfaceOrientationPortrait UIInterfaceOrientationLandscapeLeft UIInterfaceOrientationLandscapeRight";
				LD_RUNPATH_SEARCH_PATHS = (
					"$(inherited)",
					"@executable_path/Frameworks",
				);
				MARKETING_VERSION = 1.0;
				PRODUCT_BUNDLE_IDENTIFIER = "com.sachindaingade.Graphql-mutation";
				PRODUCT_NAME = "$(TARGET_NAME)";
				SWIFT_EMIT_LOC_STRINGS = YES;
				SWIFT_VERSION = 5.0;
				TARGETED_DEVICE_FAMILY = "1,2";
			};
			name = Debug;
		};
		4A6414B32B41AA8F00CE7F85 /* Release */ = {
			isa = XCBuildConfiguration;
			buildSettings = {
				ASSETCATALOG_COMPILER_APPICON_NAME = AppIcon;
				ASSETCATALOG_COMPILER_GLOBAL_ACCENT_COLOR_NAME = AccentColor;
				CODE_SIGN_STYLE = Automatic;
				CURRENT_PROJECT_VERSION = 1;
				DEVELOPMENT_TEAM = 3K558Y5NQS;
				GENERATE_INFOPLIST_FILE = YES;
				INFOPLIST_FILE = "Graphql-mutation/Info.plist";
				INFOPLIST_KEY_UIApplicationSupportsIndirectInputEvents = YES;
				INFOPLIST_KEY_UILaunchStoryboardName = LaunchScreen;
				INFOPLIST_KEY_UIMainStoryboardFile = Main;
				INFOPLIST_KEY_UISupportedInterfaceOrientations_iPad = "UIInterfaceOrientationPortrait UIInterfaceOrientationPortraitUpsideDown UIInterfaceOrientationLandscapeLeft UIInterfaceOrientationLandscapeRight";
				INFOPLIST_KEY_UISupportedInterfaceOrientations_iPhone = "UIInterfaceOrientationPortrait UIInterfaceOrientationLandscapeLeft UIInterfaceOrientationLandscapeRight";
				LD_RUNPATH_SEARCH_PATHS = (
					"$(inherited)",
					"@executable_path/Frameworks",
				);
				MARKETING_VERSION = 1.0;
				PRODUCT_BUNDLE_IDENTIFIER = "com.sachindaingade.Graphql-mutation";
				PRODUCT_NAME = "$(TARGET_NAME)";
				SWIFT_EMIT_LOC_STRINGS = YES;
				SWIFT_VERSION = 5.0;
				TARGETED_DEVICE_FAMILY = "1,2";
			};
			name = Release;
		};
		4A6414B52B41AA8F00CE7F85 /* Debug */ = {
			isa = XCBuildConfiguration;
			buildSettings = {
				ALWAYS_EMBED_SWIFT_STANDARD_LIBRARIES = YES;
				BUNDLE_LOADER = "$(TEST_HOST)";
				CODE_SIGN_STYLE = Automatic;
				CURRENT_PROJECT_VERSION = 1;
				DEVELOPMENT_TEAM = 3K558Y5NQS;
				GENERATE_INFOPLIST_FILE = YES;
				IPHONEOS_DEPLOYMENT_TARGET = 16.0;
				MARKETING_VERSION = 1.0;
				PRODUCT_BUNDLE_IDENTIFIER = "com.sachindaingade.Graphql-mutationTests";
				PRODUCT_NAME = "$(TARGET_NAME)";
				SWIFT_EMIT_LOC_STRINGS = NO;
				SWIFT_VERSION = 5.0;
				TARGETED_DEVICE_FAMILY = "1,2";
				TEST_HOST = "$(BUILT_PRODUCTS_DIR)/Graphql-mutation.app/$(BUNDLE_EXECUTABLE_FOLDER_PATH)/Graphql-mutation";
			};
			name = Debug;
		};
		4A6414B62B41AA8F00CE7F85 /* Release */ = {
			isa = XCBuildConfiguration;
			buildSettings = {
				ALWAYS_EMBED_SWIFT_STANDARD_LIBRARIES = YES;
				BUNDLE_LOADER = "$(TEST_HOST)";
				CODE_SIGN_STYLE = Automatic;
				CURRENT_PROJECT_VERSION = 1;
				DEVELOPMENT_TEAM = 3K558Y5NQS;
				GENERATE_INFOPLIST_FILE = YES;
				IPHONEOS_DEPLOYMENT_TARGET = 16.0;
				MARKETING_VERSION = 1.0;
				PRODUCT_BUNDLE_IDENTIFIER = "com.sachindaingade.Graphql-mutationTests";
				PRODUCT_NAME = "$(TARGET_NAME)";
				SWIFT_EMIT_LOC_STRINGS = NO;
				SWIFT_VERSION = 5.0;
				TARGETED_DEVICE_FAMILY = "1,2";
				TEST_HOST = "$(BUILT_PRODUCTS_DIR)/Graphql-mutation.app/$(BUNDLE_EXECUTABLE_FOLDER_PATH)/Graphql-mutation";
			};
			name = Release;
		};
		4A6414B82B41AA8F00CE7F85 /* Debug */ = {
			isa = XCBuildConfiguration;
			buildSettings = {
				ALWAYS_EMBED_SWIFT_STANDARD_LIBRARIES = YES;
				CODE_SIGN_STYLE = Automatic;
				CURRENT_PROJECT_VERSION = 1;
				DEVELOPMENT_TEAM = 3K558Y5NQS;
				GENERATE_INFOPLIST_FILE = YES;
				MARKETING_VERSION = 1.0;
				PRODUCT_BUNDLE_IDENTIFIER = "com.sachindaingade.Graphql-mutationUITests";
				PRODUCT_NAME = "$(TARGET_NAME)";
				SWIFT_EMIT_LOC_STRINGS = NO;
				SWIFT_VERSION = 5.0;
				TARGETED_DEVICE_FAMILY = "1,2";
				TEST_TARGET_NAME = "Graphql-mutation";
			};
			name = Debug;
		};
		4A6414B92B41AA8F00CE7F85 /* Release */ = {
			isa = XCBuildConfiguration;
			buildSettings = {
				ALWAYS_EMBED_SWIFT_STANDARD_LIBRARIES = YES;
				CODE_SIGN_STYLE = Automatic;
				CURRENT_PROJECT_VERSION = 1;
				DEVELOPMENT_TEAM = 3K558Y5NQS;
				GENERATE_INFOPLIST_FILE = YES;
				MARKETING_VERSION = 1.0;
				PRODUCT_BUNDLE_IDENTIFIER = "com.sachindaingade.Graphql-mutationUITests";
				PRODUCT_NAME = "$(TARGET_NAME)";
				SWIFT_EMIT_LOC_STRINGS = NO;
				SWIFT_VERSION = 5.0;
				TARGETED_DEVICE_FAMILY = "1,2";
				TEST_TARGET_NAME = "Graphql-mutation";
			};
			name = Release;
		};
/* End XCBuildConfiguration section */

/* Begin XCConfigurationList section */
		4A6414822B41AA8C00CE7F85 /* Build configuration list for PBXProject "Graphql-mutation" */ = {
			isa = XCConfigurationList;
			buildConfigurations = (
				4A6414AF2B41AA8F00CE7F85 /* Debug */,
				4A6414B02B41AA8F00CE7F85 /* Release */,
			);
			defaultConfigurationIsVisible = 0;
			defaultConfigurationName = Release;
		};
		4A6414B12B41AA8F00CE7F85 /* Build configuration list for PBXNativeTarget "Graphql-mutation" */ = {
			isa = XCConfigurationList;
			buildConfigurations = (
				4A6414B22B41AA8F00CE7F85 /* Debug */,
				4A6414B32B41AA8F00CE7F85 /* Release */,
			);
			defaultConfigurationIsVisible = 0;
			defaultConfigurationName = Release;
		};
		4A6414B42B41AA8F00CE7F85 /* Build configuration list for PBXNativeTarget "Graphql-mutationTests" */ = {
			isa = XCConfigurationList;
			buildConfigurations = (
				4A6414B52B41AA8F00CE7F85 /* Debug */,
				4A6414B62B41AA8F00CE7F85 /* Release */,
			);
			defaultConfigurationIsVisible = 0;
			defaultConfigurationName = Release;
		};
		4A6414B72B41AA8F00CE7F85 /* Build configuration list for PBXNativeTarget "Graphql-mutationUITests" */ = {
			isa = XCConfigurationList;
			buildConfigurations = (
				4A6414B82B41AA8F00CE7F85 /* Debug */,
				4A6414B92B41AA8F00CE7F85 /* Release */,
			);
			defaultConfigurationIsVisible = 0;
			defaultConfigurationName = Release;
		};
/* End XCConfigurationList section */

/* Begin XCRemoteSwiftPackageReference section */
		4A6414BA2B41AB6A00CE7F85 /* XCRemoteSwiftPackageReference "apollo-ios" */ = {
			isa = XCRemoteSwiftPackageReference;
			repositoryURL = "https://github.com/apollographql/apollo-ios.git";
			requirement = {
				kind = upToNextMajorVersion;
				minimumVersion = 1.0.0;
			};
		};
/* End XCRemoteSwiftPackageReference section */

/* Begin XCSwiftPackageProductDependency section */
		4A6414BB2B41AB6A00CE7F85 /* Apollo */ = {
			isa = XCSwiftPackageProductDependency;
			package = 4A6414BA2B41AB6A00CE7F85 /* XCRemoteSwiftPackageReference "apollo-ios" */;
			productName = Apollo;
		};
		4A6414CB2B41B44C00CE7F85 /* SpaceXAPI */ = {
			isa = XCSwiftPackageProductDependency;
			productName = SpaceXAPI;
		};
/* End XCSwiftPackageProductDependency section */
	};
	rootObject = 4A64147F2B41AA8C00CE7F85 /* Project object */;
}
